
Microsoft Visual Studio Solution File, Format Version 12.00
# Visual Studio Version 17
VisualStudioVersion = 17.5.002.0
MinimumVisualStudioVersion = 10.0.40219.1
Project("{9A19103F-16F7-4668-BE54-9A1E7A4F7556}") = "heir-time-api", "heir-time-api\heir-time-api.csproj", "{66798CA1-4FF0-443E-9C45-3AAD8DBB79C7}"
EndProject
Project("{2150E333-8FDC-42A3-9474-1A3956D46DE8}") = "test", "test", "{8314C1DB-3641-406E-8D45-D815BBF1FCDB}"
EndProject
Project("{9A19103F-16F7-4668-BE54-9A1E7A4F7556}") = "heir-time-api.Tests", "test\heir-time-api.Tests\heir-time-api.Tests.csproj", "{DC65ABEC-0D8E-46FA-8DB8-A19CAD41CE48}"
EndProject
Global
	GlobalSection(SolutionConfigurationPlatforms) = preSolution
		Debug|Any CPU = Debug|Any CPU
		Release|Any CPU = Release|Any CPU
	EndGlobalSection
	GlobalSection(ProjectConfigurationPlatforms) = postSolution
		{66798CA1-4FF0-443E-9C45-3AAD8DBB79C7}.Debug|Any CPU.ActiveCfg = Debug|Any CPU
		{66798CA1-4FF0-443E-9C45-3AAD8DBB79C7}.Debug|Any CPU.Build.0 = Debug|Any CPU
		{66798CA1-4FF0-443E-9C45-3AAD8DBB79C7}.Release|Any CPU.ActiveCfg = Release|Any CPU
		{66798CA1-4FF0-443E-9C45-3AAD8DBB79C7}.Release|Any CPU.Build.0 = Release|Any CPU
		{DC65ABEC-0D8E-46FA-8DB8-A19CAD41CE48}.Debug|Any CPU.ActiveCfg = Debug|Any CPU
		{DC65ABEC-0D8E-46FA-8DB8-A19CAD41CE48}.Debug|Any CPU.Build.0 = Debug|Any CPU
		{DC65ABEC-0D8E-46FA-8DB8-A19CAD41CE48}.Release|Any CPU.ActiveCfg = Release|Any CPU
		{DC65ABEC-0D8E-46FA-8DB8-A19CAD41CE48}.Release|Any CPU.Build.0 = Release|Any CPU
	EndGlobalSection
	GlobalSection(SolutionProperties) = preSolution
		HideSolutionNode = FALSE
	EndGlobalSection
	GlobalSection(NestedProjects) = preSolution
		{DC65ABEC-0D8E-46FA-8DB8-A19CAD41CE48} = {8314C1DB-3641-406E-8D45-D815BBF1FCDB}
	EndGlobalSection
	GlobalSection(ExtensibilityGlobals) = postSolution
		SolutionGuid = {0C3172D0-782D-463C-A86F-33761E6126D9}
	EndGlobalSection
EndGlobal
